
Microsoft Visual Studio Solution File, Format Version 12.00
# Visual Studio Version 16
VisualStudioVersion = 16.0.32228.343
MinimumVisualStudioVersion = 10.0.40219.1
Project("{FAE04EC0-301F-11D3-BF4B-00C04F79EFBC}") = "р12", "р12\р12.csproj", "{792693F5-82BC-44AC-A731-AB04B12913A1}"
EndProject
Global
	GlobalSection(SolutionConfigurationPlatforms) = preSolution
		Debug|Any CPU = Debug|Any CPU
		Release|Any CPU = Release|Any CPU
	EndGlobalSection
	GlobalSection(ProjectConfigurationPlatforms) = postSolution
		{792693F5-82BC-44AC-A731-AB04B12913A1}.Debug|Any CPU.ActiveCfg = Debug|Any CPU
		{792693F5-82BC-44AC-A731-AB04B12913A1}.Debug|Any CPU.Build.0 = Debug|Any CPU
		{792693F5-82BC-44AC-A731-AB04B12913A1}.Release|Any CPU.ActiveCfg = Release|Any CPU
		{792693F5-82BC-44AC-A731-AB04B12913A1}.Release|Any CPU.Build.0 = Release|Any CPU
	EndGlobalSection
	GlobalSection(SolutionProperties) = preSolution
		HideSolutionNode = FALSE
	EndGlobalSection
	GlobalSection(ExtensibilityGlobals) = postSolution
		SolutionGuid = {1B520250-770D-41A4-9B66-AE4D9D1875D7}
	EndGlobalSection
EndGlobal
